
Microsoft Visual Studio Solution File, Format Version 12.00
# Visual Studio 15
VisualStudioVersion = 15.0.33403.129
MinimumVisualStudioVersion = 10.0.40219.1
Project("{FAE04EC0-301F-11D3-BF4B-00C04F79EFBC}") = "Ejercicio1", "Ejercicio1\Ejercicio1.csproj", "{6F001065-D8B2-449E-96C3-DDA683361C5B}"
EndProject
Global
	GlobalSection(SolutionConfigurationPlatforms) = preSolution
		Debug|Any CPU = Debug|Any CPU
		Release|Any CPU = Release|Any CPU
	EndGlobalSection
	GlobalSection(ProjectConfigurationPlatforms) = postSolution
		{6F001065-D8B2-449E-96C3-DDA683361C5B}.Debug|Any CPU.ActiveCfg = Debug|Any CPU
		{6F001065-D8B2-449E-96C3-DDA683361C5B}.Debug|Any CPU.Build.0 = Debug|Any CPU
		{6F001065-D8B2-449E-96C3-DDA683361C5B}.Release|Any CPU.ActiveCfg = Release|Any CPU
		{6F001065-D8B2-449E-96C3-DDA683361C5B}.Release|Any CPU.Build.0 = Release|Any CPU
	EndGlobalSection
	GlobalSection(SolutionProperties) = preSolution
		HideSolutionNode = FALSE
	EndGlobalSection
	GlobalSection(ExtensibilityGlobals) = postSolution
		SolutionGuid = {AED10F88-FEAC-4909-A447-2302480F5711}
	EndGlobalSection
EndGlobal
