
Microsoft Visual Studio Solution File, Format Version 12.00
# Visual Studio 15
VisualStudioVersion = 15.0.33403.129
MinimumVisualStudioVersion = 10.0.40219.1
Project("{FAE04EC0-301F-11D3-BF4B-00C04F79EFBC}") = "Presentacion", "Presentacion\Presentacion.csproj", "{CC03B672-355B-408E-993E-2025FF19F162}"
EndProject
Project("{FAE04EC0-301F-11D3-BF4B-00C04F79EFBC}") = "Negocio", "Negocio\Negocio.csproj", "{E76E446A-D3C5-46FE-8987-7E073BB494A3}"
EndProject
Project("{FAE04EC0-301F-11D3-BF4B-00C04F79EFBC}") = "Datos", "Datos\Datos.csproj", "{2E86451D-B153-4719-880A-2E21BDEED13A}"
EndProject
Global
	GlobalSection(SolutionConfigurationPlatforms) = preSolution
		Debug|Any CPU = Debug|Any CPU
		Release|Any CPU = Release|Any CPU
	EndGlobalSection
	GlobalSection(ProjectConfigurationPlatforms) = postSolution
		{CC03B672-355B-408E-993E-2025FF19F162}.Debug|Any CPU.ActiveCfg = Debug|Any CPU
		{CC03B672-355B-408E-993E-2025FF19F162}.Debug|Any CPU.Build.0 = Debug|Any CPU
		{CC03B672-355B-408E-993E-2025FF19F162}.Release|Any CPU.ActiveCfg = Release|Any CPU
		{CC03B672-355B-408E-993E-2025FF19F162}.Release|Any CPU.Build.0 = Release|Any CPU
		{E76E446A-D3C5-46FE-8987-7E073BB494A3}.Debug|Any CPU.ActiveCfg = Debug|Any CPU
		{E76E446A-D3C5-46FE-8987-7E073BB494A3}.Debug|Any CPU.Build.0 = Debug|Any CPU
		{E76E446A-D3C5-46FE-8987-7E073BB494A3}.Release|Any CPU.ActiveCfg = Release|Any CPU
		{E76E446A-D3C5-46FE-8987-7E073BB494A3}.Release|Any CPU.Build.0 = Release|Any CPU
		{2E86451D-B153-4719-880A-2E21BDEED13A}.Debug|Any CPU.ActiveCfg = Debug|Any CPU
		{2E86451D-B153-4719-880A-2E21BDEED13A}.Debug|Any CPU.Build.0 = Debug|Any CPU
		{2E86451D-B153-4719-880A-2E21BDEED13A}.Release|Any CPU.ActiveCfg = Release|Any CPU
		{2E86451D-B153-4719-880A-2E21BDEED13A}.Release|Any CPU.Build.0 = Release|Any CPU
	EndGlobalSection
	GlobalSection(SolutionProperties) = preSolution
		HideSolutionNode = FALSE
	EndGlobalSection
	GlobalSection(ExtensibilityGlobals) = postSolution
		SolutionGuid = {A09C18DB-AB80-48CF-B6EE-1B11F3378B57}
	EndGlobalSection
EndGlobal
