
Microsoft Visual Studio Solution File, Format Version 12.00
# Visual Studio 15
VisualStudioVersion = 15.0.33403.129
MinimumVisualStudioVersion = 10.0.40219.1
Project("{FAE04EC0-301F-11D3-BF4B-00C04F79EFBC}") = "Presentacion", "Presentacion\Presentacion.csproj", "{CF99A69C-A776-4A91-AB17-CF24CB99F47B}"
EndProject
Project("{FAE04EC0-301F-11D3-BF4B-00C04F79EFBC}") = "Negocio", "Negocio\Negocio.csproj", "{2BF0864D-DED8-48CC-BE94-C5B55BFAD046}"
EndProject
Global
	GlobalSection(SolutionConfigurationPlatforms) = preSolution
		Debug|Any CPU = Debug|Any CPU
		Release|Any CPU = Release|Any CPU
	EndGlobalSection
	GlobalSection(ProjectConfigurationPlatforms) = postSolution
		{CF99A69C-A776-4A91-AB17-CF24CB99F47B}.Debug|Any CPU.ActiveCfg = Debug|Any CPU
		{CF99A69C-A776-4A91-AB17-CF24CB99F47B}.Debug|Any CPU.Build.0 = Debug|Any CPU
		{CF99A69C-A776-4A91-AB17-CF24CB99F47B}.Release|Any CPU.ActiveCfg = Release|Any CPU
		{CF99A69C-A776-4A91-AB17-CF24CB99F47B}.Release|Any CPU.Build.0 = Release|Any CPU
		{2BF0864D-DED8-48CC-BE94-C5B55BFAD046}.Debug|Any CPU.ActiveCfg = Debug|Any CPU
		{2BF0864D-DED8-48CC-BE94-C5B55BFAD046}.Debug|Any CPU.Build.0 = Debug|Any CPU
		{2BF0864D-DED8-48CC-BE94-C5B55BFAD046}.Release|Any CPU.ActiveCfg = Release|Any CPU
		{2BF0864D-DED8-48CC-BE94-C5B55BFAD046}.Release|Any CPU.Build.0 = Release|Any CPU
	EndGlobalSection
	GlobalSection(SolutionProperties) = preSolution
		HideSolutionNode = FALSE
	EndGlobalSection
	GlobalSection(ExtensibilityGlobals) = postSolution
		SolutionGuid = {44CCC789-217D-40B9-87DB-B4F9F0147185}
	EndGlobalSection
EndGlobal
